// !$*UTF8*$!
{
	archiveVersion = 1;
	classes = {
	};
	objectVersion = 50;
	objects = {

/* Begin PBXBuildFile section */
		18E4A3E321AD8458008F8B6A /* AppDelegate.swift in Sources */ = {isa = PBXBuildFile; fileRef = 18E4A3E221AD8458008F8B6A /* AppDelegate.swift */; };
		18E4A3E521AD8458008F8B6A /* ViewController.swift in Sources */ = {isa = PBXBuildFile; fileRef = 18E4A3E421AD8458008F8B6A /* ViewController.swift */; };
		18E4A3E821AD8458008F8B6A /* Main.storyboard in Resources */ = {isa = PBXBuildFile; fileRef = 18E4A3E621AD8458008F8B6A /* Main.storyboard */; };
		18E4A3EA21AD8459008F8B6A /* Assets.xcassets in Resources */ = {isa = PBXBuildFile; fileRef = 18E4A3E921AD8459008F8B6A /* Assets.xcassets */; };
		18E4A3ED21AD8459008F8B6A /* LaunchScreen.storyboard in Resources */ = {isa = PBXBuildFile; fileRef = 18E4A3EB21AD8459008F8B6A /* LaunchScreen.storyboard */; };
		18E4A3F821AD8459008F8B6A /* Exp8_3Tests.swift in Sources */ = {isa = PBXBuildFile; fileRef = 18E4A3F721AD8459008F8B6A /* Exp8_3Tests.swift */; };
		18E4A40321AD8459008F8B6A /* Exp8_3UITests.swift in Sources */ = {isa = PBXBuildFile; fileRef = 18E4A40221AD8459008F8B6A /* Exp8_3UITests.swift */; };
/* End PBXBuildFile section */

/* Begin PBXContainerItemProxy section */
		18E4A3F421AD8459008F8B6A /* PBXContainerItemProxy */ = {
			isa = PBXContainerItemProxy;
			containerPortal = 18E4A3D721AD8458008F8B6A /* Project object */;
			proxyType = 1;
			remoteGlobalIDString = 18E4A3DE21AD8458008F8B6A;
			remoteInfo = Exp8_3;
		};
		18E4A3FF21AD8459008F8B6A /* PBXContainerItemProxy */ = {
			isa = PBXContainerItemProxy;
			containerPortal = 18E4A3D721AD8458008F8B6A /* Project object */;
			proxyType = 1;
			remoteGlobalIDString = 18E4A3DE21AD8458008F8B6A;
			remoteInfo = Exp8_3;
		};
/* End PBXContainerItemProxy section */

/* Begin PBXFileReference section */
		18E4A3DF21AD8458008F8B6A /* Exp8_3.app */ = {isa = PBXFileReference; explicitFileType = wrapper.application; includeInIndex = 0; path = Exp8_3.app; sourceTree = BUILT_PRODUCTS_DIR; };
		18E4A3E221AD8458008F8B6A /* AppDelegate.swift */ = {isa = PBXFileReference; lastKnownFileType = sourcecode.swift; path = AppDelegate.swift; sourceTree = "<group>"; };
		18E4A3E421AD8458008F8B6A /* ViewController.swift */ = {isa = PBXFileReference; lastKnownFileType = sourcecode.swift; path = ViewController.swift; sourceTree = "<group>"; };
		18E4A3E721AD8458008F8B6A /* Base */ = {isa = PBXFileReference; lastKnownFileType = file.storyboard; name = Base; path = Base.lproj/Main.storyboard; sourceTree = "<group>"; };
		18E4A3E921AD8459008F8B6A /* Assets.xcassets */ = {isa = PBXFileReference; lastKnownFileType = folder.assetcatalog; path = Assets.xcassets; sourceTree = "<group>"; };
		18E4A3EC21AD8459008F8B6A /* Base */ = {isa = PBXFileReference; lastKnownFileType = file.storyboard; name = Base; path = Base.lproj/LaunchScreen.storyboard; sourceTree = "<group>"; };
		18E4A3EE21AD8459008F8B6A /* Info.plist */ = {isa = PBXFileReference; lastKnownFileType = text.plist.xml; path = Info.plist; sourceTree = "<group>"; };
		18E4A3F321AD8459008F8B6A /* Exp8_3Tests.xctest */ = {isa = PBXFileReference; explicitFileType = wrapper.cfbundle; includeInIndex = 0; path = Exp8_3Tests.xctest; sourceTree = BUILT_PRODUCTS_DIR; };
		18E4A3F721AD8459008F8B6A /* Exp8_3Tests.swift */ = {isa = PBXFileReference; lastKnownFileType = sourcecode.swift; path = Exp8_3Tests.swift; sourceTree = "<group>"; };
		18E4A3F921AD8459008F8B6A /* Info.plist */ = {isa = PBXFileReference; lastKnownFileType = text.plist.xml; path = Info.plist; sourceTree = "<group>"; };
		18E4A3FE21AD8459008F8B6A /* Exp8_3UITests.xctest */ = {isa = PBXFileReference; explicitFileType = wrapper.cfbundle; includeInIndex = 0; path = Exp8_3UITests.xctest; sourceTree = BUILT_PRODUCTS_DIR; };
		18E4A40221AD8459008F8B6A /* Exp8_3UITests.swift */ = {isa = PBXFileReference; lastKnownFileType = sourcecode.swift; path = Exp8_3UITests.swift; sourceTree = "<group>"; };
		18E4A40421AD8459008F8B6A /* Info.plist */ = {isa = PBXFileReference; lastKnownFileType = text.plist.xml; path = Info.plist; sourceTree = "<group>"; };
/* End PBXFileReference section */

/* Begin PBXFrameworksBuildPhase section */
		18E4A3DC21AD8458008F8B6A /* Frameworks */ = {
			isa = PBXFrameworksBuildPhase;
			buildActionMask = 2147483647;
			files = (
			);
			runOnlyForDeploymentPostprocessing = 0;
		};
		18E4A3F021AD8459008F8B6A /* Frameworks */ = {
			isa = PBXFrameworksBuildPhase;
			buildActionMask = 2147483647;
			files = (
			);
			runOnlyForDeploymentPostprocessing = 0;
		};
		18E4A3FB21AD8459008F8B6A /* Frameworks */ = {
			isa = PBXFrameworksBuildPhase;
			buildActionMask = 2147483647;
			files = (
			);
			runOnlyForDeploymentPostprocessing = 0;
		};
/* End PBXFrameworksBuildPhase section */

/* Begin PBXGroup section */
		18E4A3D621AD8458008F8B6A = {
			isa = PBXGroup;
			children = (
				18E4A3E121AD8458008F8B6A /* Exp8_3 */,
				18E4A3F621AD8459008F8B6A /* Exp8_3Tests */,
				18E4A40121AD8459008F8B6A /* Exp8_3UITests */,
				18E4A3E021AD8458008F8B6A /* Products */,
			);
			sourceTree = "<group>";
		};
		18E4A3E021AD8458008F8B6A /* Products */ = {
			isa = PBXGroup;
			children = (
				18E4A3DF21AD8458008F8B6A /* Exp8_3.app */,
				18E4A3F321AD8459008F8B6A /* Exp8_3Tests.xctest */,
				18E4A3FE21AD8459008F8B6A /* Exp8_3UITests.xctest */,
			);
			name = Products;
			sourceTree = "<group>";
		};
		18E4A3E121AD8458008F8B6A /* Exp8_3 */ = {
			isa = PBXGroup;
			children = (
				18E4A3E221AD8458008F8B6A /* AppDelegate.swift */,
				18E4A3E421AD8458008F8B6A /* ViewController.swift */,
				18E4A3E621AD8458008F8B6A /* Main.storyboard */,
				18E4A3E921AD8459008F8B6A /* Assets.xcassets */,
				18E4A3EB21AD8459008F8B6A /* LaunchScreen.storyboard */,
				18E4A3EE21AD8459008F8B6A /* Info.plist */,
			);
			path = Exp8_3;
			sourceTree = "<group>";
		};
		18E4A3F621AD8459008F8B6A /* Exp8_3Tests */ = {
			isa = PBXGroup;
			children = (
				18E4A3F721AD8459008F8B6A /* Exp8_3Tests.swift */,
				18E4A3F921AD8459008F8B6A /* Info.plist */,
			);
			path = Exp8_3Tests;
			sourceTree = "<group>";
		};
		18E4A40121AD8459008F8B6A /* Exp8_3UITests */ = {
			isa = PBXGroup;
			children = (
				18E4A40221AD8459008F8B6A /* Exp8_3UITests.swift */,
				18E4A40421AD8459008F8B6A /* Info.plist */,
			);
			path = Exp8_3UITests;
			sourceTree = "<group>";
		};
/* End PBXGroup section */

/* Begin PBXNativeTarget section */
		18E4A3DE21AD8458008F8B6A /* Exp8_3 */ = {
			isa = PBXNativeTarget;
			buildConfigurationList = 18E4A40721AD8459008F8B6A /* Build configuration list for PBXNativeTarget "Exp8_3" */;
			buildPhases = (
				18E4A3DB21AD8458008F8B6A /* Sources */,
				18E4A3DC21AD8458008F8B6A /* Frameworks */,
				18E4A3DD21AD8458008F8B6A /* Resources */,
			);
			buildRules = (
			);
			dependencies = (
			);
			name = Exp8_3;
			productName = Exp8_3;
			productReference = 18E4A3DF21AD8458008F8B6A /* Exp8_3.app */;
			productType = "com.apple.product-type.application";
		};
		18E4A3F221AD8459008F8B6A /* Exp8_3Tests */ = {
			isa = PBXNativeTarget;
			buildConfigurationList = 18E4A40A21AD8459008F8B6A /* Build configuration list for PBXNativeTarget "Exp8_3Tests" */;
			buildPhases = (
				18E4A3EF21AD8459008F8B6A /* Sources */,
				18E4A3F021AD8459008F8B6A /* Frameworks */,
				18E4A3F121AD8459008F8B6A /* Resources */,
			);
			buildRules = (
			);
			dependencies = (
				18E4A3F521AD8459008F8B6A /* PBXTargetDependency */,
			);
			name = Exp8_3Tests;
			productName = Exp8_3Tests;
			productReference = 18E4A3F321AD8459008F8B6A /* Exp8_3Tests.xctest */;
			productType = "com.apple.product-type.bundle.unit-test";
		};
		18E4A3FD21AD8459008F8B6A /* Exp8_3UITests */ = {
			isa = PBXNativeTarget;
			buildConfigurationList = 18E4A40D21AD8459008F8B6A /* Build configuration list for PBXNativeTarget "Exp8_3UITests" */;
			buildPhases = (
				18E4A3FA21AD8459008F8B6A /* Sources */,
				18E4A3FB21AD8459008F8B6A /* Frameworks */,
				18E4A3FC21AD8459008F8B6A /* Resources */,
			);
			buildRules = (
			);
			dependencies = (
				18E4A40021AD8459008F8B6A /* PBXTargetDependency */,
			);
			name = Exp8_3UITests;
			productName = Exp8_3UITests;
			productReference = 18E4A3FE21AD8459008F8B6A /* Exp8_3UITests.xctest */;
			productType = "com.apple.product-type.bundle.ui-testing";
		};
/* End PBXNativeTarget section */

/* Begin PBXProject section */
		18E4A3D721AD8458008F8B6A /* Project object */ = {
			isa = PBXProject;
			attributes = {
				LastSwiftUpdateCheck = 0940;
				LastUpgradeCheck = 0940;
				ORGANIZATIONNAME = kr;
				TargetAttributes = {
					18E4A3DE21AD8458008F8B6A = {
						CreatedOnToolsVersion = 9.4.1;
					};
					18E4A3F221AD8459008F8B6A = {
						CreatedOnToolsVersion = 9.4.1;
						TestTargetID = 18E4A3DE21AD8458008F8B6A;
					};
					18E4A3FD21AD8459008F8B6A = {
						CreatedOnToolsVersion = 9.4.1;
						TestTargetID = 18E4A3DE21AD8458008F8B6A;
					};
				};
			};
			buildConfigurationList = 18E4A3DA21AD8458008F8B6A /* Build configuration list for PBXProject "Exp8_3" */;
			compatibilityVersion = "Xcode 9.3";
			developmentRegion = en;
			hasScannedForEncodings = 0;
			knownRegions = (
				en,
				Base,
			);
			mainGroup = 18E4A3D621AD8458008F8B6A;
			productRefGroup = 18E4A3E021AD8458008F8B6A /* Products */;
			projectDirPath = "";
			projectRoot = "";
			targets = (
				18E4A3DE21AD8458008F8B6A /* Exp8_3 */,
				18E4A3F221AD8459008F8B6A /* Exp8_3Tests */,
				18E4A3FD21AD8459008F8B6A /* Exp8_3UITests */,
			);
		};
/* End PBXProject section */

/* Begin PBXResourcesBuildPhase section */
		18E4A3DD21AD8458008F8B6A /* Resources */ = {
			isa = PBXResourcesBuildPhase;
			buildActionMask = 2147483647;
			files = (
				18E4A3ED21AD8459008F8B6A /* LaunchScreen.storyboard in Resources */,
				18E4A3EA21AD8459008F8B6A /* Assets.xcassets in Resources */,
				18E4A3E821AD8458008F8B6A /* Main.storyboard in Resources */,
			);
			runOnlyForDeploymentPostprocessing = 0;
		};
		18E4A3F121AD8459008F8B6A /* Resources */ = {
			isa = PBXResourcesBuildPhase;
			buildActionMask = 2147483647;
			files = (
			);
			runOnlyForDeploymentPostprocessing = 0;
		};
		18E4A3FC21AD8459008F8B6A /* Resources */ = {
			isa = PBXResourcesBuildPhase;
			buildActionMask = 2147483647;
			files = (
			);
			runOnlyForDeploymentPostprocessing = 0;
		};
/* End PBXResourcesBuildPhase section */

/* Begin PBXSourcesBuildPhase section */
		18E4A3DB21AD8458008F8B6A /* Sources */ = {
			isa = PBXSourcesBuildPhase;
			buildActionMask = 2147483647;
			files = (
				18E4A3E521AD8458008F8B6A /* ViewController.swift in Sources */,
				18E4A3E321AD8458008F8B6A /* AppDelegate.swift in Sources */,
			);
			runOnlyForDeploymentPostprocessing = 0;
		};
		18E4A3EF21AD8459008F8B6A /* Sources */ = {
			isa = PBXSourcesBuildPhase;
			buildActionMask = 2147483647;
			files = (
				18E4A3F821AD8459008F8B6A /* Exp8_3Tests.swift in Sources */,
			);
			runOnlyForDeploymentPostprocessing = 0;
		};
		18E4A3FA21AD8459008F8B6A /* Sources */ = {
			isa = PBXSourcesBuildPhase;
			buildActionMask = 2147483647;
			files = (
				18E4A40321AD8459008F8B6A /* Exp8_3UITests.swift in Sources */,
			);
			runOnlyForDeploymentPostprocessing = 0;
		};
/* End PBXSourcesBuildPhase section */

/* Begin PBXTargetDependency section */
		18E4A3F521AD8459008F8B6A /* PBXTargetDependency */ = {
			isa = PBXTargetDependency;
			target = 18E4A3DE21AD8458008F8B6A /* Exp8_3 */;
			targetProxy = 18E4A3F421AD8459008F8B6A /* PBXContainerItemProxy */;
		};
		18E4A40021AD8459008F8B6A /* PBXTargetDependency */ = {
			isa = PBXTargetDependency;
			target = 18E4A3DE21AD8458008F8B6A /* Exp8_3 */;
			targetProxy = 18E4A3FF21AD8459008F8B6A /* PBXContainerItemProxy */;
		};
/* End PBXTargetDependency section */

/* Begin PBXVariantGroup section */
		18E4A3E621AD8458008F8B6A /* Main.storyboard */ = {
			isa = PBXVariantGroup;
			children = (
				18E4A3E721AD8458008F8B6A /* Base */,
			);
			name = Main.storyboard;
			sourceTree = "<group>";
		};
		18E4A3EB21AD8459008F8B6A /* LaunchScreen.storyboard */ = {
			isa = PBXVariantGroup;
			children = (
				18E4A3EC21AD8459008F8B6A /* Base */,
			);
			name = LaunchScreen.storyboard;
			sourceTree = "<group>";
		};
/* End PBXVariantGroup section */

/* Begin XCBuildConfiguration section */
		18E4A40521AD8459008F8B6A /* Debug */ = {
			isa = XCBuildConfiguration;
			buildSettings = {
				ALWAYS_SEARCH_USER_PATHS = NO;
				CLANG_ANALYZER_NONNULL = YES;
				CLANG_ANALYZER_NUMBER_OBJECT_CONVERSION = YES_AGGRESSIVE;
				CLANG_CXX_LANGUAGE_STANDARD = "gnu++14";
				CLANG_CXX_LIBRARY = "libc++";
				CLANG_ENABLE_MODULES = YES;
				CLANG_ENABLE_OBJC_ARC = YES;
				CLANG_ENABLE_OBJC_WEAK = YES;
				CLANG_WARN_BLOCK_CAPTURE_AUTORELEASING = YES;
				CLANG_WARN_BOOL_CONVERSION = YES;
				CLANG_WARN_COMMA = YES;
				CLANG_WARN_CONSTANT_CONVERSION = YES;
				CLANG_WARN_DEPRECATED_OBJC_IMPLEMENTATIONS = YES;
				CLANG_WARN_DIRECT_OBJC_ISA_USAGE = YES_ERROR;
				CLANG_WARN_DOCUMENTATION_COMMENTS = YES;
				CLANG_WARN_EMPTY_BODY = YES;
				CLANG_WARN_ENUM_CONVERSION = YES;
				CLANG_WARN_INFINITE_RECURSION = YES;
				CLANG_WARN_INT_CONVERSION = YES;
				CLANG_WARN_NON_LITERAL_NULL_CONVERSION = YES;
				CLANG_WARN_OBJC_IMPLICIT_RETAIN_SELF = YES;
				CLANG_WARN_OBJC_LITERAL_CONVERSION = YES;
				CLANG_WARN_OBJC_ROOT_CLASS = YES_ERROR;
				CLANG_WARN_RANGE_LOOP_ANALYSIS = YES;
				CLANG_WARN_STRICT_PROTOTYPES = YES;
				CLANG_WARN_SUSPICIOUS_MOVE = YES;
				CLANG_WARN_UNGUARDED_AVAILABILITY = YES_AGGRESSIVE;
				CLANG_WARN_UNREACHABLE_CODE = YES;
				CLANG_WARN__DUPLICATE_METHOD_MATCH = YES;
				CODE_SIGN_IDENTITY = "iPhone Developer";
				COPY_PHASE_STRIP = NO;
				DEBUG_INFORMATION_FORMAT = dwarf;
				ENABLE_STRICT_OBJC_MSGSEND = YES;
				ENABLE_TESTABILITY = YES;
				GCC_C_LANGUAGE_STANDARD = gnu11;
				GCC_DYNAMIC_NO_PIC = NO;
				GCC_NO_COMMON_BLOCKS = YES;
				GCC_OPTIMIZATION_LEVEL = 0;
				GCC_PREPROCESSOR_DEFINITIONS = (
					"DEBUG=1",
					"$(inherited)",
				);
				GCC_WARN_64_TO_32_BIT_CONVERSION = YES;
				GCC_WARN_ABOUT_RETURN_TYPE = YES_ERROR;
				GCC_WARN_UNDECLARED_SELECTOR = YES;
				GCC_WARN_UNINITIALIZED_AUTOS = YES_AGGRESSIVE;
				GCC_WARN_UNUSED_FUNCTION = YES;
				GCC_WARN_UNUSED_VARIABLE = YES;
				IPHONEOS_DEPLOYMENT_TARGET = 11.4;
				MTL_ENABLE_DEBUG_INFO = YES;
				ONLY_ACTIVE_ARCH = YES;
				SDKROOT = iphoneos;
				SWIFT_ACTIVE_COMPILATION_CONDITIONS = DEBUG;
				SWIFT_OPTIMIZATION_LEVEL = "-Onone";
			};
			name = Debug;
		};
		18E4A40621AD8459008F8B6A /* Release */ = {
			isa = XCBuildConfiguration;
			buildSettings = {
				ALWAYS_SEARCH_USER_PATHS = NO;
				CLANG_ANALYZER_NONNULL = YES;
				CLANG_ANALYZER_NUMBER_OBJECT_CONVERSION = YES_AGGRESSIVE;
				CLANG_CXX_LANGUAGE_STANDARD = "gnu++14";
				CLANG_CXX_LIBRARY = "libc++";
				CLANG_ENABLE_MODULES = YES;
				CLANG_ENABLE_OBJC_ARC = YES;
				CLANG_ENABLE_OBJC_WEAK = YES;
				CLANG_WARN_BLOCK_CAPTURE_AUTORELEASING = YES;
				CLANG_WARN_BOOL_CONVERSION = YES;
				CLANG_WARN_COMMA = YES;
				CLANG_WARN_CONSTANT_CONVERSION = YES;
				CLANG_WARN_DEPRECATED_OBJC_IMPLEMENTATIONS = YES;
				CLANG_WARN_DIRECT_OBJC_ISA_USAGE = YES_ERROR;
				CLANG_WARN_DOCUMENTATION_COMMENTS = YES;
				CLANG_WARN_EMPTY_BODY = YES;
				CLANG_WARN_ENUM_CONVERSION = YES;
				CLANG_WARN_INFINITE_RECURSION = YES;
				CLANG_WARN_INT_CONVERSION = YES;
				CLANG_WARN_NON_LITERAL_NULL_CONVERSION = YES;
				CLANG_WARN_OBJC_IMPLICIT_RETAIN_SELF = YES;
				CLANG_WARN_OBJC_LITERAL_CONVERSION = YES;
				CLANG_WARN_OBJC_ROOT_CLASS = YES_ERROR;
				CLANG_WARN_RANGE_LOOP_ANALYSIS = YES;
				CLANG_WARN_STRICT_PROTOTYPES = YES;
				CLANG_WARN_SUSPICIOUS_MOVE = YES;
				CLANG_WARN_UNGUARDED_AVAILABILITY = YES_AGGRESSIVE;
				CLANG_WARN_UNREACHABLE_CODE = YES;
				CLANG_WARN__DUPLICATE_METHOD_MATCH = YES;
				CODE_SIGN_IDENTITY = "iPhone Developer";
				COPY_PHASE_STRIP = NO;
				DEBUG_INFORMATION_FORMAT = "dwarf-with-dsym";
				ENABLE_NS_ASSERTIONS = NO;
				ENABLE_STRICT_OBJC_MSGSEND = YES;
				GCC_C_LANGUAGE_STANDARD = gnu11;
				GCC_NO_COMMON_BLOCKS = YES;
				GCC_WARN_64_TO_32_BIT_CONVERSION = YES;
				GCC_WARN_ABOUT_RETURN_TYPE = YES_ERROR;
				GCC_WARN_UNDECLARED_SELECTOR = YES;
				GCC_WARN_UNINITIALIZED_AUTOS = YES_AGGRESSIVE;
				GCC_WARN_UNUSED_FUNCTION = YES;
				GCC_WARN_UNUSED_VARIABLE = YES;
				IPHONEOS_DEPLOYMENT_TARGET = 11.4;
				MTL_ENABLE_DEBUG_INFO = NO;
				SDKROOT = iphoneos;
				SWIFT_COMPILATION_MODE = wholemodule;
				SWIFT_OPTIMIZATION_LEVEL = "-O";
				VALIDATE_PRODUCT = YES;
			};
			name = Release;
		};
		18E4A40821AD8459008F8B6A /* Debug */ = {
			isa = XCBuildConfiguration;
			buildSettings = {
				ASSETCATALOG_COMPILER_APPICON_NAME = AppIcon;
				CODE_SIGN_STYLE = Automatic;
				INFOPLIST_FILE = Exp8_3/Info.plist;
				LD_RUNPATH_SEARCH_PATHS = (
					"$(inherited)",
					"@executable_path/Frameworks",
				);
				PRODUCT_BUNDLE_IDENTIFIER = "-016110420.Exp8-3";
				PRODUCT_NAME = "$(TARGET_NAME)";
				SWIFT_VERSION = 4.0;
				TARGETED_DEVICE_FAMILY = "1,2";
			};
			name = Debug;
		};
		18E4A40921AD8459008F8B6A /* Release */ = {
			isa = XCBuildConfiguration;
			buildSettings = {
				ASSETCATALOG_COMPILER_APPICON_NAME = AppIcon;
				CODE_SIGN_STYLE = Automatic;
				INFOPLIST_FILE = Exp8_3/Info.plist;
				LD_RUNPATH_SEARCH_PATHS = (
					"$(inherited)",
					"@executable_path/Frameworks",
				);
				PRODUCT_BUNDLE_IDENTIFIER = "-016110420.Exp8-3";
				PRODUCT_NAME = "$(TARGET_NAME)";
				SWIFT_VERSION = 4.0;
				TARGETED_DEVICE_FAMILY = "1,2";
			};
			name = Release;
		};
		18E4A40B21AD8459008F8B6A /* Debug */ = {
			isa = XCBuildConfiguration;
			buildSettings = {
				ALWAYS_EMBED_SWIFT_STANDARD_LIBRARIES = YES;
				BUNDLE_LOADER = "$(TEST_HOST)";
				CODE_SIGN_STYLE = Automatic;
				INFOPLIST_FILE = Exp8_3Tests/Info.plist;
				LD_RUNPATH_SEARCH_PATHS = (
					"$(inherited)",
					"@executable_path/Frameworks",
					"@loader_path/Frameworks",
				);
				PRODUCT_BUNDLE_IDENTIFIER = "-016110420.Exp8-3Tests";
				PRODUCT_NAME = "$(TARGET_NAME)";
				SWIFT_VERSION = 4.0;
				TARGETED_DEVICE_FAMILY = "1,2";
				TEST_HOST = "$(BUILT_PRODUCTS_DIR)/Exp8_3.app/Exp8_3";
			};
			name = Debug;
		};
		18E4A40C21AD8459008F8B6A /* Release */ = {
			isa = XCBuildConfiguration;
			buildSettings = {
				ALWAYS_EMBED_SWIFT_STANDARD_LIBRARIES = YES;
				BUNDLE_LOADER = "$(TEST_HOST)";
				CODE_SIGN_STYLE = Automatic;
				INFOPLIST_FILE = Exp8_3Tests/Info.plist;
				LD_RUNPATH_SEARCH_PATHS = (
					"$(inherited)",
					"@executable_path/Frameworks",
					"@loader_path/Frameworks",
				);
				PRODUCT_BUNDLE_IDENTIFIER = "-016110420.Exp8-3Tests";
				PRODUCT_NAME = "$(TARGET_NAME)";
				SWIFT_VERSION = 4.0;
				TARGETED_DEVICE_FAMILY = "1,2";
				TEST_HOST = "$(BUILT_PRODUCTS_DIR)/Exp8_3.app/Exp8_3";
			};
			name = Release;
		};
		18E4A40E21AD8459008F8B6A /* Debug */ = {
			isa = XCBuildConfiguration;
			buildSettings = {
				ALWAYS_EMBED_SWIFT_STANDARD_LIBRARIES = YES;
				CODE_SIGN_STYLE = Automatic;
				INFOPLIST_FILE = Exp8_3UITests/Info.plist;
				LD_RUNPATH_SEARCH_PATHS = (
					"$(inherited)",
					"@executable_path/Frameworks",
					"@loader_path/Frameworks",
				);
				PRODUCT_BUNDLE_IDENTIFIER = "-016110420.Exp8-3UITests";
				PRODUCT_NAME = "$(TARGET_NAME)";
				SWIFT_VERSION = 4.0;
				TARGETED_DEVICE_FAMILY = "1,2";
				TEST_TARGET_NAME = Exp8_3;
			};
			name = Debug;
		};
		18E4A40F21AD8459008F8B6A /* Release */ = {
			isa = XCBuildConfiguration;
			buildSettings = {
				ALWAYS_EMBED_SWIFT_STANDARD_LIBRARIES = YES;
				CODE_SIGN_STYLE = Automatic;
				INFOPLIST_FILE = Exp8_3UITests/Info.plist;
				LD_RUNPATH_SEARCH_PATHS = (
					"$(inherited)",
					"@executable_path/Frameworks",
					"@loader_path/Frameworks",
				);
				PRODUCT_BUNDLE_IDENTIFIER = "-016110420.Exp8-3UITests";
				PRODUCT_NAME = "$(TARGET_NAME)";
				SWIFT_VERSION = 4.0;
				TARGETED_DEVICE_FAMILY = "1,2";
				TEST_TARGET_NAME = Exp8_3;
			};
			name = Release;
		};
/* End XCBuildConfiguration section */

/* Begin XCConfigurationList section */
		18E4A3DA21AD8458008F8B6A /* Build configuration list for PBXProject "Exp8_3" */ = {
			isa = XCConfigurationList;
			buildConfigurations = (
				18E4A40521AD8459008F8B6A /* Debug */,
				18E4A40621AD8459008F8B6A /* Release */,
			);
			defaultConfigurationIsVisible = 0;
			defaultConfigurationName = Release;
		};
		18E4A40721AD8459008F8B6A /* Build configuration list for PBXNativeTarget "Exp8_3" */ = {
			isa = XCConfigurationList;
			buildConfigurations = (
				18E4A40821AD8459008F8B6A /* Debug */,
				18E4A40921AD8459008F8B6A /* Release */,
			);
			defaultConfigurationIsVisible = 0;
			defaultConfigurationName = Release;
		};
		18E4A40A21AD8459008F8B6A /* Build configuration list for PBXNativeTarget "Exp8_3Tests" */ = {
			isa = XCConfigurationList;
			buildConfigurations = (
				18E4A40B21AD8459008F8B6A /* Debug */,
				18E4A40C21AD8459008F8B6A /* Release */,
			);
			defaultConfigurationIsVisible = 0;
			defaultConfigurationName = Release;
		};
		18E4A40D21AD8459008F8B6A /* Build configuration list for PBXNativeTarget "Exp8_3UITests" */ = {
			isa = XCConfigurationList;
			buildConfigurations = (
				18E4A40E21AD8459008F8B6A /* Debug */,
				18E4A40F21AD8459008F8B6A /* Release */,
			);
			defaultConfigurationIsVisible = 0;
			defaultConfigurationName = Release;
		};
/* End XCConfigurationList section */
	};
	rootObject = 18E4A3D721AD8458008F8B6A /* Project object */;
}
