// !$*UTF8*$!
{
	archiveVersion = 1;
	classes = {
	};
	objectVersion = 50;
	objects = {

/* Begin PBXBuildFile section */
		18A60E5921C8ADDA00D153A1 /* AppDelegate.swift in Sources */ = {isa = PBXBuildFile; fileRef = 18A60E5821C8ADDA00D153A1 /* AppDelegate.swift */; };
		18A60E5B21C8ADDA00D153A1 /* ViewController.swift in Sources */ = {isa = PBXBuildFile; fileRef = 18A60E5A21C8ADDA00D153A1 /* ViewController.swift */; };
		18A60E5E21C8ADDA00D153A1 /* Main.storyboard in Resources */ = {isa = PBXBuildFile; fileRef = 18A60E5C21C8ADDA00D153A1 /* Main.storyboard */; };
		18A60E6121C8ADDA00D153A1 /* Exp12_2.xcdatamodeld in Sources */ = {isa = PBXBuildFile; fileRef = 18A60E5F21C8ADDA00D153A1 /* Exp12_2.xcdatamodeld */; };
		18A60E6321C8ADDB00D153A1 /* Assets.xcassets in Resources */ = {isa = PBXBuildFile; fileRef = 18A60E6221C8ADDB00D153A1 /* Assets.xcassets */; };
		18A60E6621C8ADDB00D153A1 /* LaunchScreen.storyboard in Resources */ = {isa = PBXBuildFile; fileRef = 18A60E6421C8ADDB00D153A1 /* LaunchScreen.storyboard */; };
		18A60E6E21C8AF5400D153A1 /* PersonsTableViewController.swift in Sources */ = {isa = PBXBuildFile; fileRef = 18A60E6D21C8AF5400D153A1 /* PersonsTableViewController.swift */; };
		18A60E7021C8B8E900D153A1 /* DetailViewController.swift in Sources */ = {isa = PBXBuildFile; fileRef = 18A60E6F21C8B8E900D153A1 /* DetailViewController.swift */; };
/* End PBXBuildFile section */

/* Begin PBXFileReference section */
		18A60E5521C8ADDA00D153A1 /* Exp12_2.app */ = {isa = PBXFileReference; explicitFileType = wrapper.application; includeInIndex = 0; path = Exp12_2.app; sourceTree = BUILT_PRODUCTS_DIR; };
		18A60E5821C8ADDA00D153A1 /* AppDelegate.swift */ = {isa = PBXFileReference; lastKnownFileType = sourcecode.swift; path = AppDelegate.swift; sourceTree = "<group>"; };
		18A60E5A21C8ADDA00D153A1 /* ViewController.swift */ = {isa = PBXFileReference; lastKnownFileType = sourcecode.swift; path = ViewController.swift; sourceTree = "<group>"; };
		18A60E5D21C8ADDA00D153A1 /* Base */ = {isa = PBXFileReference; lastKnownFileType = file.storyboard; name = Base; path = Base.lproj/Main.storyboard; sourceTree = "<group>"; };
		18A60E6021C8ADDA00D153A1 /* Exp12_2.xcdatamodel */ = {isa = PBXFileReference; lastKnownFileType = wrapper.xcdatamodel; path = Exp12_2.xcdatamodel; sourceTree = "<group>"; };
		18A60E6221C8ADDB00D153A1 /* Assets.xcassets */ = {isa = PBXFileReference; lastKnownFileType = folder.assetcatalog; path = Assets.xcassets; sourceTree = "<group>"; };
		18A60E6521C8ADDB00D153A1 /* Base */ = {isa = PBXFileReference; lastKnownFileType = file.storyboard; name = Base; path = Base.lproj/LaunchScreen.storyboard; sourceTree = "<group>"; };
		18A60E6721C8ADDB00D153A1 /* Info.plist */ = {isa = PBXFileReference; lastKnownFileType = text.plist.xml; path = Info.plist; sourceTree = "<group>"; };
		18A60E6D21C8AF5400D153A1 /* PersonsTableViewController.swift */ = {isa = PBXFileReference; lastKnownFileType = sourcecode.swift; path = PersonsTableViewController.swift; sourceTree = "<group>"; };
		18A60E6F21C8B8E900D153A1 /* DetailViewController.swift */ = {isa = PBXFileReference; lastKnownFileType = sourcecode.swift; path = DetailViewController.swift; sourceTree = "<group>"; };
/* End PBXFileReference section */

/* Begin PBXFrameworksBuildPhase section */
		18A60E5221C8ADDA00D153A1 /* Frameworks */ = {
			isa = PBXFrameworksBuildPhase;
			buildActionMask = 2147483647;
			files = (
			);
			runOnlyForDeploymentPostprocessing = 0;
		};
/* End PBXFrameworksBuildPhase section */

/* Begin PBXGroup section */
		18A60E4C21C8ADDA00D153A1 = {
			isa = PBXGroup;
			children = (
				18A60E5721C8ADDA00D153A1 /* Exp12_2 */,
				18A60E5621C8ADDA00D153A1 /* Products */,
			);
			sourceTree = "<group>";
		};
		18A60E5621C8ADDA00D153A1 /* Products */ = {
			isa = PBXGroup;
			children = (
				18A60E5521C8ADDA00D153A1 /* Exp12_2.app */,
			);
			name = Products;
			sourceTree = "<group>";
		};
		18A60E5721C8ADDA00D153A1 /* Exp12_2 */ = {
			isa = PBXGroup;
			children = (
				18A60E5821C8ADDA00D153A1 /* AppDelegate.swift */,
				18A60E6D21C8AF5400D153A1 /* PersonsTableViewController.swift */,
				18A60E5A21C8ADDA00D153A1 /* ViewController.swift */,
				18A60E6F21C8B8E900D153A1 /* DetailViewController.swift */,
				18A60E5C21C8ADDA00D153A1 /* Main.storyboard */,
				18A60E6221C8ADDB00D153A1 /* Assets.xcassets */,
				18A60E6421C8ADDB00D153A1 /* LaunchScreen.storyboard */,
				18A60E6721C8ADDB00D153A1 /* Info.plist */,
				18A60E5F21C8ADDA00D153A1 /* Exp12_2.xcdatamodeld */,
			);
			path = Exp12_2;
			sourceTree = "<group>";
		};
/* End PBXGroup section */

/* Begin PBXNativeTarget section */
		18A60E5421C8ADDA00D153A1 /* Exp12_2 */ = {
			isa = PBXNativeTarget;
			buildConfigurationList = 18A60E6A21C8ADDB00D153A1 /* Build configuration list for PBXNativeTarget "Exp12_2" */;
			buildPhases = (
				18A60E5121C8ADDA00D153A1 /* Sources */,
				18A60E5221C8ADDA00D153A1 /* Frameworks */,
				18A60E5321C8ADDA00D153A1 /* Resources */,
			);
			buildRules = (
			);
			dependencies = (
			);
			name = Exp12_2;
			productName = Exp12_2;
			productReference = 18A60E5521C8ADDA00D153A1 /* Exp12_2.app */;
			productType = "com.apple.product-type.application";
		};
/* End PBXNativeTarget section */

/* Begin PBXProject section */
		18A60E4D21C8ADDA00D153A1 /* Project object */ = {
			isa = PBXProject;
			attributes = {
				LastSwiftUpdateCheck = 0940;
				LastUpgradeCheck = 0940;
				ORGANIZATIONNAME = kr;
				TargetAttributes = {
					18A60E5421C8ADDA00D153A1 = {
						CreatedOnToolsVersion = 9.4.1;
					};
				};
			};
			buildConfigurationList = 18A60E5021C8ADDA00D153A1 /* Build configuration list for PBXProject "Exp12_2" */;
			compatibilityVersion = "Xcode 9.3";
			developmentRegion = en;
			hasScannedForEncodings = 0;
			knownRegions = (
				en,
				Base,
			);
			mainGroup = 18A60E4C21C8ADDA00D153A1;
			productRefGroup = 18A60E5621C8ADDA00D153A1 /* Products */;
			projectDirPath = "";
			projectRoot = "";
			targets = (
				18A60E5421C8ADDA00D153A1 /* Exp12_2 */,
			);
		};
/* End PBXProject section */

/* Begin PBXResourcesBuildPhase section */
		18A60E5321C8ADDA00D153A1 /* Resources */ = {
			isa = PBXResourcesBuildPhase;
			buildActionMask = 2147483647;
			files = (
				18A60E6621C8ADDB00D153A1 /* LaunchScreen.storyboard in Resources */,
				18A60E6321C8ADDB00D153A1 /* Assets.xcassets in Resources */,
				18A60E5E21C8ADDA00D153A1 /* Main.storyboard in Resources */,
			);
			runOnlyForDeploymentPostprocessing = 0;
		};
/* End PBXResourcesBuildPhase section */

/* Begin PBXSourcesBuildPhase section */
		18A60E5121C8ADDA00D153A1 /* Sources */ = {
			isa = PBXSourcesBuildPhase;
			buildActionMask = 2147483647;
			files = (
				18A60E6E21C8AF5400D153A1 /* PersonsTableViewController.swift in Sources */,
				18A60E5B21C8ADDA00D153A1 /* ViewController.swift in Sources */,
				18A60E7021C8B8E900D153A1 /* DetailViewController.swift in Sources */,
				18A60E5921C8ADDA00D153A1 /* AppDelegate.swift in Sources */,
				18A60E6121C8ADDA00D153A1 /* Exp12_2.xcdatamodeld in Sources */,
			);
			runOnlyForDeploymentPostprocessing = 0;
		};
/* End PBXSourcesBuildPhase section */

/* Begin PBXVariantGroup section */
		18A60E5C21C8ADDA00D153A1 /* Main.storyboard */ = {
			isa = PBXVariantGroup;
			children = (
				18A60E5D21C8ADDA00D153A1 /* Base */,
			);
			name = Main.storyboard;
			sourceTree = "<group>";
		};
		18A60E6421C8ADDB00D153A1 /* LaunchScreen.storyboard */ = {
			isa = PBXVariantGroup;
			children = (
				18A60E6521C8ADDB00D153A1 /* Base */,
			);
			name = LaunchScreen.storyboard;
			sourceTree = "<group>";
		};
/* End PBXVariantGroup section */

/* Begin XCBuildConfiguration section */
		18A60E6821C8ADDB00D153A1 /* Debug */ = {
			isa = XCBuildConfiguration;
			buildSettings = {
				ALWAYS_SEARCH_USER_PATHS = NO;
				CLANG_ANALYZER_NONNULL = YES;
				CLANG_ANALYZER_NUMBER_OBJECT_CONVERSION = YES_AGGRESSIVE;
				CLANG_CXX_LANGUAGE_STANDARD = "gnu++14";
				CLANG_CXX_LIBRARY = "libc++";
				CLANG_ENABLE_MODULES = YES;
				CLANG_ENABLE_OBJC_ARC = YES;
				CLANG_ENABLE_OBJC_WEAK = YES;
				CLANG_WARN_BLOCK_CAPTURE_AUTORELEASING = YES;
				CLANG_WARN_BOOL_CONVERSION = YES;
				CLANG_WARN_COMMA = YES;
				CLANG_WARN_CONSTANT_CONVERSION = YES;
				CLANG_WARN_DEPRECATED_OBJC_IMPLEMENTATIONS = YES;
				CLANG_WARN_DIRECT_OBJC_ISA_USAGE = YES_ERROR;
				CLANG_WARN_DOCUMENTATION_COMMENTS = YES;
				CLANG_WARN_EMPTY_BODY = YES;
				CLANG_WARN_ENUM_CONVERSION = YES;
				CLANG_WARN_INFINITE_RECURSION = YES;
				CLANG_WARN_INT_CONVERSION = YES;
				CLANG_WARN_NON_LITERAL_NULL_CONVERSION = YES;
				CLANG_WARN_OBJC_IMPLICIT_RETAIN_SELF = YES;
				CLANG_WARN_OBJC_LITERAL_CONVERSION = YES;
				CLANG_WARN_OBJC_ROOT_CLASS = YES_ERROR;
				CLANG_WARN_RANGE_LOOP_ANALYSIS = YES;
				CLANG_WARN_STRICT_PROTOTYPES = YES;
				CLANG_WARN_SUSPICIOUS_MOVE = YES;
				CLANG_WARN_UNGUARDED_AVAILABILITY = YES_AGGRESSIVE;
				CLANG_WARN_UNREACHABLE_CODE = YES;
				CLANG_WARN__DUPLICATE_METHOD_MATCH = YES;
				CODE_SIGN_IDENTITY = "iPhone Developer";
				COPY_PHASE_STRIP = NO;
				DEBUG_INFORMATION_FORMAT = dwarf;
				ENABLE_STRICT_OBJC_MSGSEND = YES;
				ENABLE_TESTABILITY = YES;
				GCC_C_LANGUAGE_STANDARD = gnu11;
				GCC_DYNAMIC_NO_PIC = NO;
				GCC_NO_COMMON_BLOCKS = YES;
				GCC_OPTIMIZATION_LEVEL = 0;
				GCC_PREPROCESSOR_DEFINITIONS = (
					"DEBUG=1",
					"$(inherited)",
				);
				GCC_WARN_64_TO_32_BIT_CONVERSION = YES;
				GCC_WARN_ABOUT_RETURN_TYPE = YES_ERROR;
				GCC_WARN_UNDECLARED_SELECTOR = YES;
				GCC_WARN_UNINITIALIZED_AUTOS = YES_AGGRESSIVE;
				GCC_WARN_UNUSED_FUNCTION = YES;
				GCC_WARN_UNUSED_VARIABLE = YES;
				IPHONEOS_DEPLOYMENT_TARGET = 11.4;
				MTL_ENABLE_DEBUG_INFO = YES;
				ONLY_ACTIVE_ARCH = YES;
				SDKROOT = iphoneos;
				SWIFT_ACTIVE_COMPILATION_CONDITIONS = DEBUG;
				SWIFT_OPTIMIZATION_LEVEL = "-Onone";
			};
			name = Debug;
		};
		18A60E6921C8ADDB00D153A1 /* Release */ = {
			isa = XCBuildConfiguration;
			buildSettings = {
				ALWAYS_SEARCH_USER_PATHS = NO;
				CLANG_ANALYZER_NONNULL = YES;
				CLANG_ANALYZER_NUMBER_OBJECT_CONVERSION = YES_AGGRESSIVE;
				CLANG_CXX_LANGUAGE_STANDARD = "gnu++14";
				CLANG_CXX_LIBRARY = "libc++";
				CLANG_ENABLE_MODULES = YES;
				CLANG_ENABLE_OBJC_ARC = YES;
				CLANG_ENABLE_OBJC_WEAK = YES;
				CLANG_WARN_BLOCK_CAPTURE_AUTORELEASING = YES;
				CLANG_WARN_BOOL_CONVERSION = YES;
				CLANG_WARN_COMMA = YES;
				CLANG_WARN_CONSTANT_CONVERSION = YES;
				CLANG_WARN_DEPRECATED_OBJC_IMPLEMENTATIONS = YES;
				CLANG_WARN_DIRECT_OBJC_ISA_USAGE = YES_ERROR;
				CLANG_WARN_DOCUMENTATION_COMMENTS = YES;
				CLANG_WARN_EMPTY_BODY = YES;
				CLANG_WARN_ENUM_CONVERSION = YES;
				CLANG_WARN_INFINITE_RECURSION = YES;
				CLANG_WARN_INT_CONVERSION = YES;
				CLANG_WARN_NON_LITERAL_NULL_CONVERSION = YES;
				CLANG_WARN_OBJC_IMPLICIT_RETAIN_SELF = YES;
				CLANG_WARN_OBJC_LITERAL_CONVERSION = YES;
				CLANG_WARN_OBJC_ROOT_CLASS = YES_ERROR;
				CLANG_WARN_RANGE_LOOP_ANALYSIS = YES;
				CLANG_WARN_STRICT_PROTOTYPES = YES;
				CLANG_WARN_SUSPICIOUS_MOVE = YES;
				CLANG_WARN_UNGUARDED_AVAILABILITY = YES_AGGRESSIVE;
				CLANG_WARN_UNREACHABLE_CODE = YES;
				CLANG_WARN__DUPLICATE_METHOD_MATCH = YES;
				CODE_SIGN_IDENTITY = "iPhone Developer";
				COPY_PHASE_STRIP = NO;
				DEBUG_INFORMATION_FORMAT = "dwarf-with-dsym";
				ENABLE_NS_ASSERTIONS = NO;
				ENABLE_STRICT_OBJC_MSGSEND = YES;
				GCC_C_LANGUAGE_STANDARD = gnu11;
				GCC_NO_COMMON_BLOCKS = YES;
				GCC_WARN_64_TO_32_BIT_CONVERSION = YES;
				GCC_WARN_ABOUT_RETURN_TYPE = YES_ERROR;
				GCC_WARN_UNDECLARED_SELECTOR = YES;
				GCC_WARN_UNINITIALIZED_AUTOS = YES_AGGRESSIVE;
				GCC_WARN_UNUSED_FUNCTION = YES;
				GCC_WARN_UNUSED_VARIABLE = YES;
				IPHONEOS_DEPLOYMENT_TARGET = 11.4;
				MTL_ENABLE_DEBUG_INFO = NO;
				SDKROOT = iphoneos;
				SWIFT_COMPILATION_MODE = wholemodule;
				SWIFT_OPTIMIZATION_LEVEL = "-O";
				VALIDATE_PRODUCT = YES;
			};
			name = Release;
		};
		18A60E6B21C8ADDB00D153A1 /* Debug */ = {
			isa = XCBuildConfiguration;
			buildSettings = {
				ASSETCATALOG_COMPILER_APPICON_NAME = AppIcon;
				CODE_SIGN_STYLE = Automatic;
				INFOPLIST_FILE = Exp12_2/Info.plist;
				LD_RUNPATH_SEARCH_PATHS = (
					"$(inherited)",
					"@executable_path/Frameworks",
				);
				PRODUCT_BUNDLE_IDENTIFIER = "-016110420.Exp12-2";
				PRODUCT_NAME = "$(TARGET_NAME)";
				SWIFT_VERSION = 4.0;
				TARGETED_DEVICE_FAMILY = "1,2";
			};
			name = Debug;
		};
		18A60E6C21C8ADDB00D153A1 /* Release */ = {
			isa = XCBuildConfiguration;
			buildSettings = {
				ASSETCATALOG_COMPILER_APPICON_NAME = AppIcon;
				CODE_SIGN_STYLE = Automatic;
				INFOPLIST_FILE = Exp12_2/Info.plist;
				LD_RUNPATH_SEARCH_PATHS = (
					"$(inherited)",
					"@executable_path/Frameworks",
				);
				PRODUCT_BUNDLE_IDENTIFIER = "-016110420.Exp12-2";
				PRODUCT_NAME = "$(TARGET_NAME)";
				SWIFT_VERSION = 4.0;
				TARGETED_DEVICE_FAMILY = "1,2";
			};
			name = Release;
		};
/* End XCBuildConfiguration section */

/* Begin XCConfigurationList section */
		18A60E5021C8ADDA00D153A1 /* Build configuration list for PBXProject "Exp12_2" */ = {
			isa = XCConfigurationList;
			buildConfigurations = (
				18A60E6821C8ADDB00D153A1 /* Debug */,
				18A60E6921C8ADDB00D153A1 /* Release */,
			);
			defaultConfigurationIsVisible = 0;
			defaultConfigurationName = Release;
		};
		18A60E6A21C8ADDB00D153A1 /* Build configuration list for PBXNativeTarget "Exp12_2" */ = {
			isa = XCConfigurationList;
			buildConfigurations = (
				18A60E6B21C8ADDB00D153A1 /* Debug */,
				18A60E6C21C8ADDB00D153A1 /* Release */,
			);
			defaultConfigurationIsVisible = 0;
			defaultConfigurationName = Release;
		};
/* End XCConfigurationList section */

/* Begin XCVersionGroup section */
		18A60E5F21C8ADDA00D153A1 /* Exp12_2.xcdatamodeld */ = {
			isa = XCVersionGroup;
			children = (
				18A60E6021C8ADDA00D153A1 /* Exp12_2.xcdatamodel */,
			);
			currentVersion = 18A60E6021C8ADDA00D153A1 /* Exp12_2.xcdatamodel */;
			path = Exp12_2.xcdatamodeld;
			sourceTree = "<group>";
			versionGroupType = wrapper.xcdatamodel;
		};
/* End XCVersionGroup section */
	};
	rootObject = 18A60E4D21C8ADDA00D153A1 /* Project object */;
}
